// !$*UTF8*$!
{
	archiveVersion = 1;
	classes = {
	};
	objectVersion = 46;
	objects = {

/* Begin PBXBuildFile section */
		28252EA91B40DB2F0057C51D /* PlaceSearchResult+Dao.m in Sources */ = {isa = PBXBuildFile; fileRef = 28252EA81B40DB2F0057C51D /* PlaceSearchResult+Dao.m */; };
		28252EAF1B40E5000057C51D /* ApplePlaceSearchTVC.m in Sources */ = {isa = PBXBuildFile; fileRef = 28252EAE1B40E5000057C51D /* ApplePlaceSearchTVC.m */; };
		28307D521B1D7E060050AA58 /* MMMarkerIconInfo.m in Sources */ = {isa = PBXBuildFile; fileRef = 28307D511B1D7E060050AA58 /* MMMarkerIconInfo.m */; };
		28307D551B1D881F0050AA58 /* IconSelectTableViewCell.m in Sources */ = {isa = PBXBuildFile; fileRef = 28307D541B1D881F0050AA58 /* IconSelectTableViewCell.m */; };
		283A21C61B2E6CF200F6DCA1 /* SearchRoutineInfoTVC.m in Sources */ = {isa = PBXBuildFile; fileRef = 283A21C51B2E6CF200F6DCA1 /* SearchRoutineInfoTVC.m */; };
		283A21CA1B2E70FC00F6DCA1 /* SearchRoutineDetailMapVC.m in Sources */ = {isa = PBXBuildFile; fileRef = 283A21C91B2E70FC00F6DCA1 /* SearchRoutineDetailMapVC.m */; };
		283A21CD1B2E715000F6DCA1 /* SearchMarkerInfoTVC.m in Sources */ = {isa = PBXBuildFile; fileRef = 283A21CC1B2E715000F6DCA1 /* SearchMarkerInfoTVC.m */; };
		283A21D01B2E742C00F6DCA1 /* PinMarkerTVC.m in Sources */ = {isa = PBXBuildFile; fileRef = 283A21CF1B2E742C00F6DCA1 /* PinMarkerTVC.m */; };
		283A21D31B2ED1E100F6DCA1 /* BaseTourMapVC.m in Sources */ = {isa = PBXBuildFile; fileRef = 283A21D21B2ED1E100F6DCA1 /* BaseTourMapVC.m */; };
		283A21E61B313B3A00F6DCA1 /* BaseDetailMapVC.m in Sources */ = {isa = PBXBuildFile; fileRef = 283A21E51B313B3A00F6DCA1 /* BaseDetailMapVC.m */; };
		283A21E91B316E9300F6DCA1 /* BaseMarkerInfoVC.m in Sources */ = {isa = PBXBuildFile; fileRef = 283A21E81B316E9300F6DCA1 /* BaseMarkerInfoVC.m */; };
		283A21EC1B328DD900F6DCA1 /* OtherUserWorldVC.m in Sources */ = {isa = PBXBuildFile; fileRef = 283A21EB1B328DD900F6DCA1 /* OtherUserWorldVC.m */; };
		283A21EF1B328E2400F6DCA1 /* OtherUserRoutineInfoTVC.m in Sources */ = {isa = PBXBuildFile; fileRef = 283A21EE1B328E2400F6DCA1 /* OtherUserRoutineInfoTVC.m */; };
		283A21F21B32CA4D00F6DCA1 /* OptionCell.m in Sources */ = {isa = PBXBuildFile; fileRef = 283A21F11B32CA4D00F6DCA1 /* OptionCell.m */; };
		283A21F81B3A482400F6DCA1 /* SettingTVC.m in Sources */ = {isa = PBXBuildFile; fileRef = 283A21F71B3A482400F6DCA1 /* SettingTVC.m */; };
		283A21FB1B3A49D100F6DCA1 /* LikedWorldTVC.m in Sources */ = {isa = PBXBuildFile; fileRef = 283A21FA1B3A49D100F6DCA1 /* LikedWorldTVC.m */; };
		283A21FE1B3B9F0E00F6DCA1 /* LikedRoutinesTVC.m in Sources */ = {isa = PBXBuildFile; fileRef = 283A21FD1B3B9F0E00F6DCA1 /* LikedRoutinesTVC.m */; };
		285E431F1AD61E720030A274 /* main.m in Sources */ = {isa = PBXBuildFile; fileRef = 285E431E1AD61E720030A274 /* main.m */; };
		285E43221AD61E720030A274 /* AppDelegate.m in Sources */ = {isa = PBXBuildFile; fileRef = 285E43211AD61E720030A274 /* AppDelegate.m */; };
		285E43251AD61E720030A274 /* ViewController.m in Sources */ = {isa = PBXBuildFile; fileRef = 285E43241AD61E720030A274 /* ViewController.m */; };
		285E432A1AD61E720030A274 /* Images.xcassets in Resources */ = {isa = PBXBuildFile; fileRef = 285E43291AD61E720030A274 /* Images.xcassets */; };
		285E432D1AD61E720030A274 /* LaunchScreen.xib in Resources */ = {isa = PBXBuildFile; fileRef = 285E432B1AD61E720030A274 /* LaunchScreen.xib */; };
		285E43391AD61E720030A274 /* MyMapBoxTests.m in Sources */ = {isa = PBXBuildFile; fileRef = 285E43381AD61E720030A274 /* MyMapBoxTests.m */; };
		2863907B1ADD136000A5B999 /* CommonUtil.m in Sources */ = {isa = PBXBuildFile; fileRef = 2863907A1ADD136000A5B999 /* CommonUtil.m */; };
		286390811AE0AD7600A5B999 /* RoutineEditTVC.m in Sources */ = {isa = PBXBuildFile; fileRef = 286390801AE0AD7600A5B999 /* RoutineEditTVC.m */; };
		286390841AE0D44D00A5B999 /* IconSelectTVC.m in Sources */ = {isa = PBXBuildFile; fileRef = 286390831AE0D44D00A5B999 /* IconSelectTVC.m */; };
		286390871AE0DE5200A5B999 /* RoutineAddTVC.m in Sources */ = {isa = PBXBuildFile; fileRef = 286390861AE0DE5200A5B999 /* RoutineAddTVC.m */; };
		2863908A1AE0E9F100A5B999 /* MarkerInfoTVC.m in Sources */ = {isa = PBXBuildFile; fileRef = 286390891AE0E9F100A5B999 /* MarkerInfoTVC.m */; };
		2863908D1AE0EA3E00A5B999 /* MarkerEditTVC.m in Sources */ = {isa = PBXBuildFile; fileRef = 2863908C1AE0EA3E00A5B999 /* MarkerEditTVC.m */; };
		287D6D611B65D175009CFB56 /* BaseOvIconSelectTVC.m in Sources */ = {isa = PBXBuildFile; fileRef = 287D6D601B65D175009CFB56 /* BaseOvIconSelectTVC.m */; };
		287D6D641B65D395009CFB56 /* AddRoutineOvIconSelectTVC.m in Sources */ = {isa = PBXBuildFile; fileRef = 287D6D631B65D395009CFB56 /* AddRoutineOvIconSelectTVC.m */; };
		287D6D671B678D25009CFB56 /* RegisterVC.m in Sources */ = {isa = PBXBuildFile; fileRef = 287D6D661B678D25009CFB56 /* RegisterVC.m */; };
		287D6D9C1B7B4E0A009CFB56 /* MarkerInfoView.m in Sources */ = {isa = PBXBuildFile; fileRef = 287D6D9B1B7B4E0A009CFB56 /* MarkerInfoView.m */; };
		287F47D71AE4D7AE00CAF79B /* MMRoutineTester.m in Sources */ = {isa = PBXBuildFile; fileRef = 287F47D61AE4D7AE00CAF79B /* MMRoutineTester.m */; };
		288B09A51B00BC1500066C59 /* MMMarker+Dao.m in Sources */ = {isa = PBXBuildFile; fileRef = 288B09A41B00BC1500066C59 /* MMMarker+Dao.m */; };
		288B09A81B01A12D00066C59 /* MMOvMarker+Dao.m in Sources */ = {isa = PBXBuildFile; fileRef = 288B09A71B01A12C00066C59 /* MMOvMarker+Dao.m */; };
		288B09AD1B0320B200066C59 /* CloudManager.m in Sources */ = {isa = PBXBuildFile; fileRef = 288B09AC1B0320B200066C59 /* CloudManager.m */; };
		288B09B11B03222A00066C59 /* AVOSCloudTester.m in Sources */ = {isa = PBXBuildFile; fileRef = 288B09B01B03222A00066C59 /* AVOSCloudTester.m */; };
		288B09B41B0328D700066C59 /* LoginViewController.m in Sources */ = {isa = PBXBuildFile; fileRef = 288B09B31B0328D700066C59 /* LoginViewController.m */; };
		2894ABAA1AEE27D500A943D1 /* Main.storyboard in Resources */ = {isa = PBXBuildFile; fileRef = 2894ABA91AEE27D500A943D1 /* Main.storyboard */; };
		28A1E92E1B5E5F9200DD0339 /* GooglePlaceDetail.m in Sources */ = {isa = PBXBuildFile; fileRef = 28A1E92D1B5E5F9200DD0339 /* GooglePlaceDetail.m */; };
		28B4C1F51B5E54B400C1C9BF /* GooglePredictionResult.m in Sources */ = {isa = PBXBuildFile; fileRef = 28B4C1F41B5E54B400C1C9BF /* GooglePredictionResult.m */; };
		28C442E41B2A859200DDC54C /* MMSearchedOvMarker.m in Sources */ = {isa = PBXBuildFile; fileRef = 28C442E31B2A859200DDC54C /* MMSearchedOvMarker.m */; };
		28C442E71B2A85D300DDC54C /* MMSearchedRoutine.m in Sources */ = {isa = PBXBuildFile; fileRef = 28C442E61B2A85D300DDC54C /* MMSearchedRoutine.m */; };
		28C442EA1B2A884600DDC54C /* MMSearchdeMarker.m in Sources */ = {isa = PBXBuildFile; fileRef = 28C442E91B2A884600DDC54C /* MMSearchdeMarker.m */; };
		28C442ED1B2AE70800DDC54C /* ExploreRoutineVC.m in Sources */ = {isa = PBXBuildFile; fileRef = 28C442EC1B2AE70800DDC54C /* ExploreRoutineVC.m */; };
		28E261CA1B00535A0019611C /* MyMapBox.xcdatamodeld in Sources */ = {isa = PBXBuildFile; fileRef = 28E261C81B00535A0019611C /* MyMapBox.xcdatamodeld */; };
		28E261D61B007E920019611C /* MMRoutine+Dao.m in Sources */ = {isa = PBXBuildFile; fileRef = 28E261D51B007E920019611C /* MMRoutine+Dao.m */; };
		28E261F41B0095CE0019611C /* MMRoutine.m in Sources */ = {isa = PBXBuildFile; fileRef = 28E261F31B0095CE0019611C /* MMRoutine.m */; };
		28E261F71B0095CE0019611C /* MMOvMarker.m in Sources */ = {isa = PBXBuildFile; fileRef = 28E261F61B0095CE0019611C /* MMOvMarker.m */; };
		28E261FA1B0095CE0019611C /* MMMarker.m in Sources */ = {isa = PBXBuildFile; fileRef = 28E261F91B0095CE0019611C /* MMMarker.m */; };
		28E475541AEF28C600449DBC /* OfflineRoutineTVC.m in Sources */ = {isa = PBXBuildFile; fileRef = 28E475531AEF28C600449DBC /* OfflineRoutineTVC.m */; };
		28E475571AEF2AAB00449DBC /* OfflineRoutineTableViewCell.m in Sources */ = {isa = PBXBuildFile; fileRef = 28E475561AEF2AAB00449DBC /* OfflineRoutineTableViewCell.m */; };
		28E4755A1AEF88C500449DBC /* SlideNumSelectTVC.m in Sources */ = {isa = PBXBuildFile; fileRef = 28E475591AEF88C500449DBC /* SlideNumSelectTVC.m */; };
		28F56C821B450B6B00CFC4AC /* PlaceSearchResult.m in Sources */ = {isa = PBXBuildFile; fileRef = 28F56C811B450B6B00CFC4AC /* PlaceSearchResult.m */; };
		28F56CB71B5CFB9F00CFC4AC /* GooglePlaceManager.m in Sources */ = {isa = PBXBuildFile; fileRef = 28F56CB61B5CFB9F00CFC4AC /* GooglePlaceManager.m */; };
		53ED110BC35C2D004D4FC1C8 /* libPods-MyMapBox.a in Frameworks */ = {isa = PBXBuildFile; fileRef = DDCD2D0DA0362384E0FDE0D7 /* libPods-MyMapBox.a */; };
		8421CB151ADBF8FA002046B9 /* RoutineInfoViewController.m in Sources */ = {isa = PBXBuildFile; fileRef = 8421CB141ADBF8FA002046B9 /* RoutineInfoViewController.m */; };
		8421CB181ADC04D0002046B9 /* RoutineDetailMapViewController.m in Sources */ = {isa = PBXBuildFile; fileRef = 8421CB171ADC04D0002046B9 /* RoutineDetailMapViewController.m */; };
		845EB1F51AEE7B2500C719CA /* MMRoutineCachHelper.m in Sources */ = {isa = PBXBuildFile; fileRef = 845EB1F41AEE7B2500C719CA /* MMRoutineCachHelper.m */; };
		847F845A1B6518D10052521D /* OvIconSelectTVC.m in Sources */ = {isa = PBXBuildFile; fileRef = 847F84591B6518D10052521D /* OvIconSelectTVC.m */; };
		84F46A801B0396E0008B7F13 /* SettingViewController.m in Sources */ = {isa = PBXBuildFile; fileRef = 84F46A7F1B0396E0008B7F13 /* SettingViewController.m */; };
		BA7BA3C12724DAF844EAA856 /* libPods-MyMapBoxTests.a in Frameworks */ = {isa = PBXBuildFile; fileRef = F108452F403E51AC8A0E001F /* libPods-MyMapBoxTests.a */; };
/* End PBXBuildFile section */

/* Begin PBXContainerItemProxy section */
		285E43331AD61E720030A274 /* PBXContainerItemProxy */ = {
			isa = PBXContainerItemProxy;
			containerPortal = 285E43111AD61E720030A274 /* Project object */;
			proxyType = 1;
			remoteGlobalIDString = 285E43181AD61E720030A274;
			remoteInfo = MyMapBox;
		};
/* End PBXContainerItemProxy section */

/* Begin PBXFileReference section */
		21A0A51ABFCCA5850AF318AF /* Pods-MyMapBoxTests.release.xcconfig */ = {isa = PBXFileReference; includeInIndex = 1; lastKnownFileType = text.xcconfig; name = "Pods-MyMapBoxTests.release.xcconfig"; path = "Pods/Target Support Files/Pods-MyMapBoxTests/Pods-MyMapBoxTests.release.xcconfig"; sourceTree = "<group>"; };
		28252EA71B40DB2F0057C51D /* PlaceSearchResult+Dao.h */ = {isa = PBXFileReference; fileEncoding = 4; lastKnownFileType = sourcecode.c.h; path = "PlaceSearchResult+Dao.h"; sourceTree = "<group>"; };
		28252EA81B40DB2F0057C51D /* PlaceSearchResult+Dao.m */ = {isa = PBXFileReference; fileEncoding = 4; lastKnownFileType = sourcecode.c.objc; path = "PlaceSearchResult+Dao.m"; sourceTree = "<group>"; };
		28252EAD1B40E5000057C51D /* ApplePlaceSearchTVC.h */ = {isa = PBXFileReference; fileEncoding = 4; lastKnownFileType = sourcecode.c.h; path = ApplePlaceSearchTVC.h; sourceTree = "<group>"; };
		28252EAE1B40E5000057C51D /* ApplePlaceSearchTVC.m */ = {isa = PBXFileReference; fileEncoding = 4; lastKnownFileType = sourcecode.c.objc; path = ApplePlaceSearchTVC.m; sourceTree = "<group>"; };
		28307D501B1D7E060050AA58 /* MMMarkerIconInfo.h */ = {isa = PBXFileReference; fileEncoding = 4; lastKnownFileType = sourcecode.c.h; name = MMMarkerIconInfo.h; path = model/MMMarkerIconInfo.h; sourceTree = "<group>"; };
		28307D511B1D7E060050AA58 /* MMMarkerIconInfo.m */ = {isa = PBXFileReference; fileEncoding = 4; lastKnownFileType = sourcecode.c.objc; name = MMMarkerIconInfo.m; path = model/MMMarkerIconInfo.m; sourceTree = "<group>"; };
		28307D531B1D881F0050AA58 /* IconSelectTableViewCell.h */ = {isa = PBXFileReference; fileEncoding = 4; lastKnownFileType = sourcecode.c.h; path = IconSelectTableViewCell.h; sourceTree = "<group>"; };
		28307D541B1D881F0050AA58 /* IconSelectTableViewCell.m */ = {isa = PBXFileReference; fileEncoding = 4; lastKnownFileType = sourcecode.c.objc; path = IconSelectTableViewCell.m; sourceTree = "<group>"; };
		283A21C41B2E6CF200F6DCA1 /* SearchRoutineInfoTVC.h */ = {isa = PBXFileReference; fileEncoding = 4; lastKnownFileType = sourcecode.c.h; path = SearchRoutineInfoTVC.h; sourceTree = "<group>"; };
		283A21C51B2E6CF200F6DCA1 /* SearchRoutineInfoTVC.m */ = {isa = PBXFileReference; fileEncoding = 4; lastKnownFileType = sourcecode.c.objc; path = SearchRoutineInfoTVC.m; sourceTree = "<group>"; };
		283A21C81B2E70FC00F6DCA1 /* SearchRoutineDetailMapVC.h */ = {isa = PBXFileReference; fileEncoding = 4; lastKnownFileType = sourcecode.c.h; path = SearchRoutineDetailMapVC.h; sourceTree = "<group>"; };
		283A21C91B2E70FC00F6DCA1 /* SearchRoutineDetailMapVC.m */ = {isa = PBXFileReference; fileEncoding = 4; lastKnownFileType = sourcecode.c.objc; path = SearchRoutineDetailMapVC.m; sourceTree = "<group>"; };
		283A21CB1B2E715000F6DCA1 /* SearchMarkerInfoTVC.h */ = {isa = PBXFileReference; fileEncoding = 4; lastKnownFileType = sourcecode.c.h; path = SearchMarkerInfoTVC.h; sourceTree = "<group>"; };
		283A21CC1B2E715000F6DCA1 /* SearchMarkerInfoTVC.m */ = {isa = PBXFileReference; fileEncoding = 4; lastKnownFileType = sourcecode.c.objc; path = SearchMarkerInfoTVC.m; sourceTree = "<group>"; };
		283A21CE1B2E742C00F6DCA1 /* PinMarkerTVC.h */ = {isa = PBXFileReference; fileEncoding = 4; lastKnownFileType = sourcecode.c.h; path = PinMarkerTVC.h; sourceTree = "<group>"; };
		283A21CF1B2E742C00F6DCA1 /* PinMarkerTVC.m */ = {isa = PBXFileReference; fileEncoding = 4; lastKnownFileType = sourcecode.c.objc; path = PinMarkerTVC.m; sourceTree = "<group>"; };
		283A21D11B2ED1E100F6DCA1 /* BaseTourMapVC.h */ = {isa = PBXFileReference; fileEncoding = 4; lastKnownFileType = sourcecode.c.h; path = BaseTourMapVC.h; sourceTree = "<group>"; };
		283A21D21B2ED1E100F6DCA1 /* BaseTourMapVC.m */ = {isa = PBXFileReference; fileEncoding = 4; lastKnownFileType = sourcecode.c.objc; path = BaseTourMapVC.m; sourceTree = "<group>"; };
		283A21E41B313B3A00F6DCA1 /* BaseDetailMapVC.h */ = {isa = PBXFileReference; fileEncoding = 4; lastKnownFileType = sourcecode.c.h; path = BaseDetailMapVC.h; sourceTree = "<group>"; };
		283A21E51B313B3A00F6DCA1 /* BaseDetailMapVC.m */ = {isa = PBXFileReference; fileEncoding = 4; lastKnownFileType = sourcecode.c.objc; path = BaseDetailMapVC.m; sourceTree = "<group>"; };
		283A21E71B316E9300F6DCA1 /* BaseMarkerInfoVC.h */ = {isa = PBXFileReference; fileEncoding = 4; lastKnownFileType = sourcecode.c.h; path = BaseMarkerInfoVC.h; sourceTree = "<group>"; };
		283A21E81B316E9300F6DCA1 /* BaseMarkerInfoVC.m */ = {isa = PBXFileReference; fileEncoding = 4; lastKnownFileType = sourcecode.c.objc; path = BaseMarkerInfoVC.m; sourceTree = "<group>"; };
		283A21EA1B328DD900F6DCA1 /* OtherUserWorldVC.h */ = {isa = PBXFileReference; fileEncoding = 4; lastKnownFileType = sourcecode.c.h; path = OtherUserWorldVC.h; sourceTree = "<group>"; };
		283A21EB1B328DD900F6DCA1 /* OtherUserWorldVC.m */ = {isa = PBXFileReference; fileEncoding = 4; lastKnownFileType = sourcecode.c.objc; path = OtherUserWorldVC.m; sourceTree = "<group>"; };
		283A21ED1B328E2400F6DCA1 /* OtherUserRoutineInfoTVC.h */ = {isa = PBXFileReference; fileEncoding = 4; lastKnownFileType = sourcecode.c.h; path = OtherUserRoutineInfoTVC.h; sourceTree = "<group>"; };
		283A21EE1B328E2400F6DCA1 /* OtherUserRoutineInfoTVC.m */ = {isa = PBXFileReference; fileEncoding = 4; lastKnownFileType = sourcecode.c.objc; path = OtherUserRoutineInfoTVC.m; sourceTree = "<group>"; };
		283A21F01B32CA4D00F6DCA1 /* OptionCell.h */ = {isa = PBXFileReference; fileEncoding = 4; lastKnownFileType = sourcecode.c.h; path = OptionCell.h; sourceTree = "<group>"; };
		283A21F11B32CA4D00F6DCA1 /* OptionCell.m */ = {isa = PBXFileReference; fileEncoding = 4; lastKnownFileType = sourcecode.c.objc; path = OptionCell.m; sourceTree = "<group>"; };
		283A21F61B3A482400F6DCA1 /* SettingTVC.h */ = {isa = PBXFileReference; fileEncoding = 4; lastKnownFileType = sourcecode.c.h; path = SettingTVC.h; sourceTree = "<group>"; };
		283A21F71B3A482400F6DCA1 /* SettingTVC.m */ = {isa = PBXFileReference; fileEncoding = 4; lastKnownFileType = sourcecode.c.objc; path = SettingTVC.m; sourceTree = "<group>"; };
		283A21F91B3A49D100F6DCA1 /* LikedWorldTVC.h */ = {isa = PBXFileReference; fileEncoding = 4; lastKnownFileType = sourcecode.c.h; path = LikedWorldTVC.h; sourceTree = "<group>"; };
		283A21FA1B3A49D100F6DCA1 /* LikedWorldTVC.m */ = {isa = PBXFileReference; fileEncoding = 4; lastKnownFileType = sourcecode.c.objc; path = LikedWorldTVC.m; sourceTree = "<group>"; };
		283A21FC1B3B9F0E00F6DCA1 /* LikedRoutinesTVC.h */ = {isa = PBXFileReference; fileEncoding = 4; lastKnownFileType = sourcecode.c.h; path = LikedRoutinesTVC.h; sourceTree = "<group>"; };
		283A21FD1B3B9F0E00F6DCA1 /* LikedRoutinesTVC.m */ = {isa = PBXFileReference; fileEncoding = 4; lastKnownFileType = sourcecode.c.objc; path = LikedRoutinesTVC.m; sourceTree = "<group>"; };
		285E43191AD61E720030A274 /* MyMapBox.app */ = {isa = PBXFileReference; explicitFileType = wrapper.application; includeInIndex = 0; path = MyMapBox.app; sourceTree = BUILT_PRODUCTS_DIR; };
		285E431D1AD61E720030A274 /* Info.plist */ = {isa = PBXFileReference; lastKnownFileType = text.plist.xml; path = Info.plist; sourceTree = "<group>"; };
		285E431E1AD61E720030A274 /* main.m */ = {isa = PBXFileReference; lastKnownFileType = sourcecode.c.objc; path = main.m; sourceTree = "<group>"; };
		285E43201AD61E720030A274 /* AppDelegate.h */ = {isa = PBXFileReference; lastKnownFileType = sourcecode.c.h; path = AppDelegate.h; sourceTree = "<group>"; };
		285E43211AD61E720030A274 /* AppDelegate.m */ = {isa = PBXFileReference; lastKnownFileType = sourcecode.c.objc; path = AppDelegate.m; sourceTree = "<group>"; };
		285E43231AD61E720030A274 /* ViewController.h */ = {isa = PBXFileReference; lastKnownFileType = sourcecode.c.h; path = ViewController.h; sourceTree = "<group>"; };
		285E43241AD61E720030A274 /* ViewController.m */ = {isa = PBXFileReference; lastKnownFileType = sourcecode.c.objc; path = ViewController.m; sourceTree = "<group>"; };
		285E43291AD61E720030A274 /* Images.xcassets */ = {isa = PBXFileReference; lastKnownFileType = folder.assetcatalog; path = Images.xcassets; sourceTree = "<group>"; };
		285E432C1AD61E720030A274 /* Base */ = {isa = PBXFileReference; lastKnownFileType = file.xib; name = Base; path = Base.lproj/LaunchScreen.xib; sourceTree = "<group>"; };
		285E43321AD61E720030A274 /* MyMapBoxTests.xctest */ = {isa = PBXFileReference; explicitFileType = wrapper.cfbundle; includeInIndex = 0; path = MyMapBoxTests.xctest; sourceTree = BUILT_PRODUCTS_DIR; };
		285E43371AD61E720030A274 /* Info.plist */ = {isa = PBXFileReference; lastKnownFileType = text.plist.xml; path = Info.plist; sourceTree = "<group>"; };
		285E43381AD61E720030A274 /* MyMapBoxTests.m */ = {isa = PBXFileReference; lastKnownFileType = sourcecode.c.objc; path = MyMapBoxTests.m; sourceTree = "<group>"; };
		286390791ADD136000A5B999 /* CommonUtil.h */ = {isa = PBXFileReference; fileEncoding = 4; lastKnownFileType = sourcecode.c.h; path = CommonUtil.h; sourceTree = "<group>"; };
		2863907A1ADD136000A5B999 /* CommonUtil.m */ = {isa = PBXFileReference; fileEncoding = 4; lastKnownFileType = sourcecode.c.objc; path = CommonUtil.m; sourceTree = "<group>"; };
		2863907F1AE0AD7600A5B999 /* RoutineEditTVC.h */ = {isa = PBXFileReference; fileEncoding = 4; lastKnownFileType = sourcecode.c.h; path = RoutineEditTVC.h; sourceTree = "<group>"; };
		286390801AE0AD7600A5B999 /* RoutineEditTVC.m */ = {isa = PBXFileReference; fileEncoding = 4; lastKnownFileType = sourcecode.c.objc; path = RoutineEditTVC.m; sourceTree = "<group>"; };
		286390821AE0D44D00A5B999 /* IconSelectTVC.h */ = {isa = PBXFileReference; fileEncoding = 4; lastKnownFileType = sourcecode.c.h; path = IconSelectTVC.h; sourceTree = "<group>"; };
		286390831AE0D44D00A5B999 /* IconSelectTVC.m */ = {isa = PBXFileReference; fileEncoding = 4; lastKnownFileType = sourcecode.c.objc; path = IconSelectTVC.m; sourceTree = "<group>"; };
		286390851AE0DE5200A5B999 /* RoutineAddTVC.h */ = {isa = PBXFileReference; fileEncoding = 4; lastKnownFileType = sourcecode.c.h; path = RoutineAddTVC.h; sourceTree = "<group>"; };
		286390861AE0DE5200A5B999 /* RoutineAddTVC.m */ = {isa = PBXFileReference; fileEncoding = 4; lastKnownFileType = sourcecode.c.objc; path = RoutineAddTVC.m; sourceTree = "<group>"; };
		286390881AE0E9F100A5B999 /* MarkerInfoTVC.h */ = {isa = PBXFileReference; fileEncoding = 4; lastKnownFileType = sourcecode.c.h; path = MarkerInfoTVC.h; sourceTree = "<group>"; };
		286390891AE0E9F100A5B999 /* MarkerInfoTVC.m */ = {isa = PBXFileReference; fileEncoding = 4; lastKnownFileType = sourcecode.c.objc; path = MarkerInfoTVC.m; sourceTree = "<group>"; };
		2863908B1AE0EA3E00A5B999 /* MarkerEditTVC.h */ = {isa = PBXFileReference; fileEncoding = 4; lastKnownFileType = sourcecode.c.h; path = MarkerEditTVC.h; sourceTree = "<group>"; };
		2863908C1AE0EA3E00A5B999 /* MarkerEditTVC.m */ = {isa = PBXFileReference; fileEncoding = 4; lastKnownFileType = sourcecode.c.objc; path = MarkerEditTVC.m; sourceTree = "<group>"; };
		287D6D5F1B65D175009CFB56 /* BaseOvIconSelectTVC.h */ = {isa = PBXFileReference; fileEncoding = 4; lastKnownFileType = sourcecode.c.h; path = BaseOvIconSelectTVC.h; sourceTree = "<group>"; };
		287D6D601B65D175009CFB56 /* BaseOvIconSelectTVC.m */ = {isa = PBXFileReference; fileEncoding = 4; lastKnownFileType = sourcecode.c.objc; path = BaseOvIconSelectTVC.m; sourceTree = "<group>"; };
		287D6D621B65D395009CFB56 /* AddRoutineOvIconSelectTVC.h */ = {isa = PBXFileReference; fileEncoding = 4; lastKnownFileType = sourcecode.c.h; path = AddRoutineOvIconSelectTVC.h; sourceTree = "<group>"; };
		287D6D631B65D395009CFB56 /* AddRoutineOvIconSelectTVC.m */ = {isa = PBXFileReference; fileEncoding = 4; lastKnownFileType = sourcecode.c.objc; path = AddRoutineOvIconSelectTVC.m; sourceTree = "<group>"; };
		287D6D651B678D25009CFB56 /* RegisterVC.h */ = {isa = PBXFileReference; fileEncoding = 4; lastKnownFileType = sourcecode.c.h; path = RegisterVC.h; sourceTree = "<group>"; };
		287D6D661B678D25009CFB56 /* RegisterVC.m */ = {isa = PBXFileReference; fileEncoding = 4; lastKnownFileType = sourcecode.c.objc; path = RegisterVC.m; sourceTree = "<group>"; };
		287D6D9A1B7B4E0A009CFB56 /* MarkerInfoView.h */ = {isa = PBXFileReference; fileEncoding = 4; lastKnownFileType = sourcecode.c.h; path = MarkerInfoView.h; sourceTree = "<group>"; };
		287D6D9B1B7B4E0A009CFB56 /* MarkerInfoView.m */ = {isa = PBXFileReference; fileEncoding = 4; lastKnownFileType = sourcecode.c.objc; path = MarkerInfoView.m; sourceTree = "<group>"; };
		287F47D61AE4D7AE00CAF79B /* MMRoutineTester.m */ = {isa = PBXFileReference; fileEncoding = 4; lastKnownFileType = sourcecode.c.objc; path = MMRoutineTester.m; sourceTree = "<group>"; };
		288B09A31B00BC1500066C59 /* MMMarker+Dao.h */ = {isa = PBXFileReference; fileEncoding = 4; lastKnownFileType = sourcecode.c.h; name = "MMMarker+Dao.h"; path = "model/MMMarker+Dao.h"; sourceTree = "<group>"; };
		288B09A41B00BC1500066C59 /* MMMarker+Dao.m */ = {isa = PBXFileReference; fileEncoding = 4; lastKnownFileType = sourcecode.c.objc; name = "MMMarker+Dao.m"; path = "model/MMMarker+Dao.m"; sourceTree = "<group>"; };
		288B09A61B01A12C00066C59 /* MMOvMarker+Dao.h */ = {isa = PBXFileReference; fileEncoding = 4; lastKnownFileType = sourcecode.c.h; name = "MMOvMarker+Dao.h"; path = "model/MMOvMarker+Dao.h"; sourceTree = "<group>"; };
		288B09A71B01A12C00066C59 /* MMOvMarker+Dao.m */ = {isa = PBXFileReference; fileEncoding = 4; lastKnownFileType = sourcecode.c.objc; name = "MMOvMarker+Dao.m"; path = "model/MMOvMarker+Dao.m"; sourceTree = "<group>"; };
		288B09AB1B0320B200066C59 /* CloudManager.h */ = {isa = PBXFileReference; fileEncoding = 4; lastKnownFileType = sourcecode.c.h; name = CloudManager.h; path = model/CloudManager.h; sourceTree = "<group>"; };
		288B09AC1B0320B200066C59 /* CloudManager.m */ = {isa = PBXFileReference; fileEncoding = 4; lastKnownFileType = sourcecode.c.objc; name = CloudManager.m; path = model/CloudManager.m; sourceTree = "<group>"; };
		288B09B01B03222A00066C59 /* AVOSCloudTester.m */ = {isa = PBXFileReference; fileEncoding = 4; lastKnownFileType = sourcecode.c.objc; path = AVOSCloudTester.m; sourceTree = "<group>"; };
		288B09B21B0328D700066C59 /* LoginViewController.h */ = {isa = PBXFileReference; fileEncoding = 4; lastKnownFileType = sourcecode.c.h; path = LoginViewController.h; sourceTree = "<group>"; };
		288B09B31B0328D700066C59 /* LoginViewController.m */ = {isa = PBXFileReference; fileEncoding = 4; lastKnownFileType = sourcecode.c.objc; path = LoginViewController.m; sourceTree = "<group>"; };
		2894ABA91AEE27D500A943D1 /* Main.storyboard */ = {isa = PBXFileReference; fileEncoding = 4; lastKnownFileType = file.storyboard; path = Main.storyboard; sourceTree = "<group>"; };
		28A1E92C1B5E5F9200DD0339 /* GooglePlaceDetail.h */ = {isa = PBXFileReference; fileEncoding = 4; lastKnownFileType = sourcecode.c.h; path = GooglePlaceDetail.h; sourceTree = "<group>"; };
		28A1E92D1B5E5F9200DD0339 /* GooglePlaceDetail.m */ = {isa = PBXFileReference; fileEncoding = 4; lastKnownFileType = sourcecode.c.objc; path = GooglePlaceDetail.m; sourceTree = "<group>"; };
		28B4C1F31B5E54B400C1C9BF /* GooglePredictionResult.h */ = {isa = PBXFileReference; fileEncoding = 4; lastKnownFileType = sourcecode.c.h; path = GooglePredictionResult.h; sourceTree = "<group>"; };
		28B4C1F41B5E54B400C1C9BF /* GooglePredictionResult.m */ = {isa = PBXFileReference; fileEncoding = 4; lastKnownFileType = sourcecode.c.objc; path = GooglePredictionResult.m; sourceTree = "<group>"; };
		28C442E21B2A859200DDC54C /* MMSearchedOvMarker.h */ = {isa = PBXFileReference; fileEncoding = 4; lastKnownFileType = sourcecode.c.h; name = MMSearchedOvMarker.h; path = model/MMSearchedOvMarker.h; sourceTree = "<group>"; };
		28C442E31B2A859200DDC54C /* MMSearchedOvMarker.m */ = {isa = PBXFileReference; fileEncoding = 4; lastKnownFileType = sourcecode.c.objc; name = MMSearchedOvMarker.m; path = model/MMSearchedOvMarker.m; sourceTree = "<group>"; };
		28C442E51B2A85D300DDC54C /* MMSearchedRoutine.h */ = {isa = PBXFileReference; fileEncoding = 4; lastKnownFileType = sourcecode.c.h; name = MMSearchedRoutine.h; path = model/MMSearchedRoutine.h; sourceTree = "<group>"; };
		28C442E61B2A85D300DDC54C /* MMSearchedRoutine.m */ = {isa = PBXFileReference; fileEncoding = 4; lastKnownFileType = sourcecode.c.objc; name = MMSearchedRoutine.m; path = model/MMSearchedRoutine.m; sourceTree = "<group>"; };
		28C442E81B2A884600DDC54C /* MMSearchdeMarker.h */ = {isa = PBXFileReference; fileEncoding = 4; lastKnownFileType = sourcecode.c.h; name = MMSearchdeMarker.h; path = model/MMSearchdeMarker.h; sourceTree = "<group>"; };
		28C442E91B2A884600DDC54C /* MMSearchdeMarker.m */ = {isa = PBXFileReference; fileEncoding = 4; lastKnownFileType = sourcecode.c.objc; name = MMSearchdeMarker.m; path = model/MMSearchdeMarker.m; sourceTree = "<group>"; };
		28C442EB1B2AE70800DDC54C /* ExploreRoutineVC.h */ = {isa = PBXFileReference; fileEncoding = 4; lastKnownFileType = sourcecode.c.h; path = ExploreRoutineVC.h; sourceTree = "<group>"; };
		28C442EC1B2AE70800DDC54C /* ExploreRoutineVC.m */ = {isa = PBXFileReference; fileEncoding = 4; lastKnownFileType = sourcecode.c.objc; path = ExploreRoutineVC.m; sourceTree = "<group>"; };
		28E261C91B00535A0019611C /* MyMapBox.xcdatamodel */ = {isa = PBXFileReference; lastKnownFileType = wrapper.xcdatamodel; path = MyMapBox.xcdatamodel; sourceTree = "<group>"; };
		28E261D41B007E920019611C /* MMRoutine+Dao.h */ = {isa = PBXFileReference; fileEncoding = 4; lastKnownFileType = sourcecode.c.h; name = "MMRoutine+Dao.h"; path = "model/MMRoutine+Dao.h"; sourceTree = "<group>"; };
		28E261D51B007E920019611C /* MMRoutine+Dao.m */ = {isa = PBXFileReference; fileEncoding = 4; lastKnownFileType = sourcecode.c.objc; name = "MMRoutine+Dao.m"; path = "model/MMRoutine+Dao.m"; sourceTree = "<group>"; };
		28E261F21B0095CE0019611C /* MMRoutine.h */ = {isa = PBXFileReference; fileEncoding = 4; lastKnownFileType = sourcecode.c.h; name = MMRoutine.h; path = model/MMRoutine.h; sourceTree = "<group>"; };
		28E261F31B0095CE0019611C /* MMRoutine.m */ = {isa = PBXFileReference; fileEncoding = 4; lastKnownFileType = sourcecode.c.objc; name = MMRoutine.m; path = model/MMRoutine.m; sourceTree = "<group>"; };
		28E261F51B0095CE0019611C /* MMOvMarker.h */ = {isa = PBXFileReference; fileEncoding = 4; lastKnownFileType = sourcecode.c.h; name = MMOvMarker.h; path = model/MMOvMarker.h; sourceTree = "<group>"; };
		28E261F61B0095CE0019611C /* MMOvMarker.m */ = {isa = PBXFileReference; fileEncoding = 4; lastKnownFileType = sourcecode.c.objc; name = MMOvMarker.m; path = model/MMOvMarker.m; sourceTree = "<group>"; };
		28E261F81B0095CE0019611C /* MMMarker.h */ = {isa = PBXFileReference; fileEncoding = 4; lastKnownFileType = sourcecode.c.h; name = MMMarker.h; path = model/MMMarker.h; sourceTree = "<group>"; };
		28E261F91B0095CE0019611C /* MMMarker.m */ = {isa = PBXFileReference; fileEncoding = 4; lastKnownFileType = sourcecode.c.objc; name = MMMarker.m; path = model/MMMarker.m; sourceTree = "<group>"; };
		28E475521AEF28C600449DBC /* OfflineRoutineTVC.h */ = {isa = PBXFileReference; fileEncoding = 4; lastKnownFileType = sourcecode.c.h; path = OfflineRoutineTVC.h; sourceTree = "<group>"; };
		28E475531AEF28C600449DBC /* OfflineRoutineTVC.m */ = {isa = PBXFileReference; fileEncoding = 4; lastKnownFileType = sourcecode.c.objc; path = OfflineRoutineTVC.m; sourceTree = "<group>"; };
		28E475551AEF2AAB00449DBC /* OfflineRoutineTableViewCell.h */ = {isa = PBXFileReference; fileEncoding = 4; lastKnownFileType = sourcecode.c.h; path = OfflineRoutineTableViewCell.h; sourceTree = "<group>"; };
		28E475561AEF2AAB00449DBC /* OfflineRoutineTableViewCell.m */ = {isa = PBXFileReference; fileEncoding = 4; lastKnownFileType = sourcecode.c.objc; path = OfflineRoutineTableViewCell.m; sourceTree = "<group>"; };
		28E475581AEF88C500449DBC /* SlideNumSelectTVC.h */ = {isa = PBXFileReference; fileEncoding = 4; lastKnownFileType = sourcecode.c.h; path = SlideNumSelectTVC.h; sourceTree = "<group>"; };
		28E475591AEF88C500449DBC /* SlideNumSelectTVC.m */ = {isa = PBXFileReference; fileEncoding = 4; lastKnownFileType = sourcecode.c.objc; path = SlideNumSelectTVC.m; sourceTree = "<group>"; };
		28F56C801B450B6B00CFC4AC /* PlaceSearchResult.h */ = {isa = PBXFileReference; fileEncoding = 4; lastKnownFileType = sourcecode.c.h; path = PlaceSearchResult.h; sourceTree = "<group>"; };
		28F56C811B450B6B00CFC4AC /* PlaceSearchResult.m */ = {isa = PBXFileReference; fileEncoding = 4; lastKnownFileType = sourcecode.c.objc; path = PlaceSearchResult.m; sourceTree = "<group>"; };
		28F56CB51B5CFB9F00CFC4AC /* GooglePlaceManager.h */ = {isa = PBXFileReference; fileEncoding = 4; lastKnownFileType = sourcecode.c.h; path = GooglePlaceManager.h; sourceTree = "<group>"; };
		28F56CB61B5CFB9F00CFC4AC /* GooglePlaceManager.m */ = {isa = PBXFileReference; fileEncoding = 4; lastKnownFileType = sourcecode.c.objc; path = GooglePlaceManager.m; sourceTree = "<group>"; };
		75CCC0929762C871D62FA854 /* Pods-MyMapBoxTests.debug.xcconfig */ = {isa = PBXFileReference; includeInIndex = 1; lastKnownFileType = text.xcconfig; name = "Pods-MyMapBoxTests.debug.xcconfig"; path = "Pods/Target Support Files/Pods-MyMapBoxTests/Pods-MyMapBoxTests.debug.xcconfig"; sourceTree = "<group>"; };
		8421CB131ADBF8FA002046B9 /* RoutineInfoViewController.h */ = {isa = PBXFileReference; fileEncoding = 4; lastKnownFileType = sourcecode.c.h; path = RoutineInfoViewController.h; sourceTree = "<group>"; };
		8421CB141ADBF8FA002046B9 /* RoutineInfoViewController.m */ = {isa = PBXFileReference; fileEncoding = 4; lastKnownFileType = sourcecode.c.objc; path = RoutineInfoViewController.m; sourceTree = "<group>"; };
		8421CB161ADC04D0002046B9 /* RoutineDetailMapViewController.h */ = {isa = PBXFileReference; fileEncoding = 4; lastKnownFileType = sourcecode.c.h; path = RoutineDetailMapViewController.h; sourceTree = "<group>"; };
		8421CB171ADC04D0002046B9 /* RoutineDetailMapViewController.m */ = {isa = PBXFileReference; fileEncoding = 4; lastKnownFileType = sourcecode.c.objc; path = RoutineDetailMapViewController.m; sourceTree = "<group>"; };
		845EB1F31AEE7B2500C719CA /* MMRoutineCachHelper.h */ = {isa = PBXFileReference; fileEncoding = 4; lastKnownFileType = sourcecode.c.h; path = MMRoutineCachHelper.h; sourceTree = "<group>"; };
		845EB1F41AEE7B2500C719CA /* MMRoutineCachHelper.m */ = {isa = PBXFileReference; fileEncoding = 4; lastKnownFileType = sourcecode.c.objc; path = MMRoutineCachHelper.m; sourceTree = "<group>"; };
		847F84581B6518D10052521D /* OvIconSelectTVC.h */ = {isa = PBXFileReference; fileEncoding = 4; lastKnownFileType = sourcecode.c.h; path = OvIconSelectTVC.h; sourceTree = "<group>"; };
		847F84591B6518D10052521D /* OvIconSelectTVC.m */ = {isa = PBXFileReference; fileEncoding = 4; lastKnownFileType = sourcecode.c.objc; path = OvIconSelectTVC.m; sourceTree = "<group>"; };
		84F46A7E1B0396DF008B7F13 /* SettingViewController.h */ = {isa = PBXFileReference; fileEncoding = 4; lastKnownFileType = sourcecode.c.h; path = SettingViewController.h; sourceTree = "<group>"; };
		84F46A7F1B0396E0008B7F13 /* SettingViewController.m */ = {isa = PBXFileReference; fileEncoding = 4; lastKnownFileType = sourcecode.c.objc; path = SettingViewController.m; sourceTree = "<group>"; };
		DDCD2D0DA0362384E0FDE0D7 /* libPods-MyMapBox.a */ = {isa = PBXFileReference; explicitFileType = archive.ar; includeInIndex = 0; path = "libPods-MyMapBox.a"; sourceTree = BUILT_PRODUCTS_DIR; };
		E01CF57D6469FFF3BFBA2341 /* Pods-MyMapBox.debug.xcconfig */ = {isa = PBXFileReference; includeInIndex = 1; lastKnownFileType = text.xcconfig; name = "Pods-MyMapBox.debug.xcconfig"; path = "Pods/Target Support Files/Pods-MyMapBox/Pods-MyMapBox.debug.xcconfig"; sourceTree = "<group>"; };
		EBA60881B796C5AC77DABE4A /* Pods-MyMapBox.release.xcconfig */ = {isa = PBXFileReference; includeInIndex = 1; lastKnownFileType = text.xcconfig; name = "Pods-MyMapBox.release.xcconfig"; path = "Pods/Target Support Files/Pods-MyMapBox/Pods-MyMapBox.release.xcconfig"; sourceTree = "<group>"; };
		F108452F403E51AC8A0E001F /* libPods-MyMapBoxTests.a */ = {isa = PBXFileReference; explicitFileType = archive.ar; includeInIndex = 0; path = "libPods-MyMapBoxTests.a"; sourceTree = BUILT_PRODUCTS_DIR; };
/* End PBXFileReference section */

/* Begin PBXFrameworksBuildPhase section */
		285E43161AD61E720030A274 /* Frameworks */ = {
			isa = PBXFrameworksBuildPhase;
			buildActionMask = 2147483647;
			files = (
				53ED110BC35C2D004D4FC1C8 /* libPods-MyMapBox.a in Frameworks */,
			);
			runOnlyForDeploymentPostprocessing = 0;
		};
		285E432F1AD61E720030A274 /* Frameworks */ = {
			isa = PBXFrameworksBuildPhase;
			buildActionMask = 2147483647;
			files = (
				BA7BA3C12724DAF844EAA856 /* libPods-MyMapBoxTests.a in Frameworks */,
			);
			runOnlyForDeploymentPostprocessing = 0;
		};
/* End PBXFrameworksBuildPhase section */

/* Begin PBXGroup section */
		0887C502D10DC903AC6D9AAA /* Frameworks */ = {
			isa = PBXGroup;
			children = (
				DDCD2D0DA0362384E0FDE0D7 /* libPods-MyMapBox.a */,
				F108452F403E51AC8A0E001F /* libPods-MyMapBoxTests.a */,
			);
			name = Frameworks;
			sourceTree = "<group>";
		};
		283A21C71B2E708000F6DCA1 /* explore */ = {
			isa = PBXGroup;
			children = (
				283A21EA1B328DD900F6DCA1 /* OtherUserWorldVC.h */,
				283A21EB1B328DD900F6DCA1 /* OtherUserWorldVC.m */,
				283A21ED1B328E2400F6DCA1 /* OtherUserRoutineInfoTVC.h */,
				283A21EE1B328E2400F6DCA1 /* OtherUserRoutineInfoTVC.m */,
				283A21CB1B2E715000F6DCA1 /* SearchMarkerInfoTVC.h */,
				283A21CC1B2E715000F6DCA1 /* SearchMarkerInfoTVC.m */,
				283A21C41B2E6CF200F6DCA1 /* SearchRoutineInfoTVC.h */,
				283A21C51B2E6CF200F6DCA1 /* SearchRoutineInfoTVC.m */,
				28C442EB1B2AE70800DDC54C /* ExploreRoutineVC.h */,
				28C442EC1B2AE70800DDC54C /* ExploreRoutineVC.m */,
				283A21C81B2E70FC00F6DCA1 /* SearchRoutineDetailMapVC.h */,
				283A21C91B2E70FC00F6DCA1 /* SearchRoutineDetailMapVC.m */,
				283A21CE1B2E742C00F6DCA1 /* PinMarkerTVC.h */,
				283A21CF1B2E742C00F6DCA1 /* PinMarkerTVC.m */,
				283A21F01B32CA4D00F6DCA1 /* OptionCell.h */,
				283A21F11B32CA4D00F6DCA1 /* OptionCell.m */,
			);
			name = explore;
			sourceTree = "<group>";
		};
		285E43101AD61E720030A274 = {
			isa = PBXGroup;
			children = (
				285E431B1AD61E720030A274 /* MyMapBox */,
				285E43351AD61E720030A274 /* MyMapBoxTests */,
				285E431A1AD61E720030A274 /* Products */,
				2C7E3AC1F0D0B65E05834673 /* Pods */,
				0887C502D10DC903AC6D9AAA /* Frameworks */,
			);
			sourceTree = "<group>";
		};
		285E431A1AD61E720030A274 /* Products */ = {
			isa = PBXGroup;
			children = (
				285E43191AD61E720030A274 /* MyMapBox.app */,
				285E43321AD61E720030A274 /* MyMapBoxTests.xctest */,
			);
			name = Products;
			sourceTree = "<group>";
		};
		285E431B1AD61E720030A274 /* MyMapBox */ = {
			isa = PBXGroup;
			children = (
				28307D531B1D881F0050AA58 /* IconSelectTableViewCell.h */,
				28307D541B1D881F0050AA58 /* IconSelectTableViewCell.m */,
				28E475551AEF2AAB00449DBC /* OfflineRoutineTableViewCell.h */,
				28E475561AEF2AAB00449DBC /* OfflineRoutineTableViewCell.m */,
				845EB1F31AEE7B2500C719CA /* MMRoutineCachHelper.h */,
				845EB1F41AEE7B2500C719CA /* MMRoutineCachHelper.m */,
				287D6D9A1B7B4E0A009CFB56 /* MarkerInfoView.h */,
				287D6D9B1B7B4E0A009CFB56 /* MarkerInfoView.m */,
				28E7A0EC1AE6538200A27B8A /* Controller */,
				28E261C71B0052F90019611C /* resource */,
				84DA51631AE3D3F40077202E /* Model */,
				285E431C1AD61E720030A274 /* Supporting Files */,
			);
			path = MyMapBox;
			sourceTree = "<group>";
		};
		285E431C1AD61E720030A274 /* Supporting Files */ = {
			isa = PBXGroup;
			children = (
				285E43201AD61E720030A274 /* AppDelegate.h */,
				285E43211AD61E720030A274 /* AppDelegate.m */,
				285E431D1AD61E720030A274 /* Info.plist */,
				285E431E1AD61E720030A274 /* main.m */,
			);
			name = "Supporting Files";
			sourceTree = "<group>";
		};
		285E43351AD61E720030A274 /* MyMapBoxTests */ = {
			isa = PBXGroup;
			children = (
				285E43381AD61E720030A274 /* MyMapBoxTests.m */,
				287F47D61AE4D7AE00CAF79B /* MMRoutineTester.m */,
				288B09B01B03222A00066C59 /* AVOSCloudTester.m */,
				285E43361AD61E720030A274 /* Supporting Files */,
			);
			path = MyMapBoxTests;
			sourceTree = "<group>";
		};
		285E43361AD61E720030A274 /* Supporting Files */ = {
			isa = PBXGroup;
			children = (
				285E43371AD61E720030A274 /* Info.plist */,
			);
			name = "Supporting Files";
			sourceTree = "<group>";
		};
		28E261C71B0052F90019611C /* resource */ = {
			isa = PBXGroup;
			children = (
				285E43291AD61E720030A274 /* Images.xcassets */,
				2894ABA91AEE27D500A943D1 /* Main.storyboard */,
				285E432B1AD61E720030A274 /* LaunchScreen.xib */,
				28E261C81B00535A0019611C /* MyMapBox.xcdatamodeld */,
			);
			name = resource;
			sourceTree = "<group>";
		};
		28E7A0EC1AE6538200A27B8A /* Controller */ = {
			isa = PBXGroup;
			children = (
				283A21D11B2ED1E100F6DCA1 /* BaseTourMapVC.h */,
				283A21D21B2ED1E100F6DCA1 /* BaseTourMapVC.m */,
				283A21E41B313B3A00F6DCA1 /* BaseDetailMapVC.h */,
				283A21E51B313B3A00F6DCA1 /* BaseDetailMapVC.m */,
				283A21E71B316E9300F6DCA1 /* BaseMarkerInfoVC.h */,
				283A21E81B316E9300F6DCA1 /* BaseMarkerInfoVC.m */,
				283A21C71B2E708000F6DCA1 /* explore */,
				28E475521AEF28C600449DBC /* OfflineRoutineTVC.h */,
				28E475531AEF28C600449DBC /* OfflineRoutineTVC.m */,
				8421CB131ADBF8FA002046B9 /* RoutineInfoViewController.h */,
				8421CB141ADBF8FA002046B9 /* RoutineInfoViewController.m */,
				285E43231AD61E720030A274 /* ViewController.h */,
				285E43241AD61E720030A274 /* ViewController.m */,
				286390791ADD136000A5B999 /* CommonUtil.h */,
				2863907A1ADD136000A5B999 /* CommonUtil.m */,
				2863908B1AE0EA3E00A5B999 /* MarkerEditTVC.h */,
				2863908C1AE0EA3E00A5B999 /* MarkerEditTVC.m */,
				286390881AE0E9F100A5B999 /* MarkerInfoTVC.h */,
				286390891AE0E9F100A5B999 /* MarkerInfoTVC.m */,
				286390851AE0DE5200A5B999 /* RoutineAddTVC.h */,
				286390861AE0DE5200A5B999 /* RoutineAddTVC.m */,
				286390821AE0D44D00A5B999 /* IconSelectTVC.h */,
				286390831AE0D44D00A5B999 /* IconSelectTVC.m */,
				2863907F1AE0AD7600A5B999 /* RoutineEditTVC.h */,
				286390801AE0AD7600A5B999 /* RoutineEditTVC.m */,
				8421CB161ADC04D0002046B9 /* RoutineDetailMapViewController.h */,
				8421CB171ADC04D0002046B9 /* RoutineDetailMapViewController.m */,
				28E475581AEF88C500449DBC /* SlideNumSelectTVC.h */,
				28E475591AEF88C500449DBC /* SlideNumSelectTVC.m */,
				288B09B21B0328D700066C59 /* LoginViewController.h */,
				288B09B31B0328D700066C59 /* LoginViewController.m */,
				84F46A7E1B0396DF008B7F13 /* SettingViewController.h */,
				84F46A7F1B0396E0008B7F13 /* SettingViewController.m */,
				283A21F61B3A482400F6DCA1 /* SettingTVC.h */,
				283A21F71B3A482400F6DCA1 /* SettingTVC.m */,
				283A21F91B3A49D100F6DCA1 /* LikedWorldTVC.h */,
				283A21FA1B3A49D100F6DCA1 /* LikedWorldTVC.m */,
				283A21FC1B3B9F0E00F6DCA1 /* LikedRoutinesTVC.h */,
				283A21FD1B3B9F0E00F6DCA1 /* LikedRoutinesTVC.m */,
				28252EAD1B40E5000057C51D /* ApplePlaceSearchTVC.h */,
				28252EAE1B40E5000057C51D /* ApplePlaceSearchTVC.m */,
				287D6D5F1B65D175009CFB56 /* BaseOvIconSelectTVC.h */,
				287D6D601B65D175009CFB56 /* BaseOvIconSelectTVC.m */,
				847F84581B6518D10052521D /* OvIconSelectTVC.h */,
				847F84591B6518D10052521D /* OvIconSelectTVC.m */,
				287D6D621B65D395009CFB56 /* AddRoutineOvIconSelectTVC.h */,
				287D6D631B65D395009CFB56 /* AddRoutineOvIconSelectTVC.m */,
				287D6D651B678D25009CFB56 /* RegisterVC.h */,
				287D6D661B678D25009CFB56 /* RegisterVC.m */,
			);
			name = Controller;
			sourceTree = "<group>";
		};
		2C7E3AC1F0D0B65E05834673 /* Pods */ = {
			isa = PBXGroup;
			children = (
				E01CF57D6469FFF3BFBA2341 /* Pods-MyMapBox.debug.xcconfig */,
				EBA60881B796C5AC77DABE4A /* Pods-MyMapBox.release.xcconfig */,
				75CCC0929762C871D62FA854 /* Pods-MyMapBoxTests.debug.xcconfig */,
				21A0A51ABFCCA5850AF318AF /* Pods-MyMapBoxTests.release.xcconfig */,
			);
			name = Pods;
			sourceTree = "<group>";
		};
		84DA51631AE3D3F40077202E /* Model */ = {
			isa = PBXGroup;
			children = (
				28F56C801B450B6B00CFC4AC /* PlaceSearchResult.h */,
				28F56C811B450B6B00CFC4AC /* PlaceSearchResult.m */,
				28E261F81B0095CE0019611C /* MMMarker.h */,
				28E261F91B0095CE0019611C /* MMMarker.m */,
				28E261F51B0095CE0019611C /* MMOvMarker.h */,
				28E261F61B0095CE0019611C /* MMOvMarker.m */,
				28E261F21B0095CE0019611C /* MMRoutine.h */,
				28E261F31B0095CE0019611C /* MMRoutine.m */,
				28E261D41B007E920019611C /* MMRoutine+Dao.h */,
				28E261D51B007E920019611C /* MMRoutine+Dao.m */,
				288B09A31B00BC1500066C59 /* MMMarker+Dao.h */,
				288B09A41B00BC1500066C59 /* MMMarker+Dao.m */,
				288B09A61B01A12C00066C59 /* MMOvMarker+Dao.h */,
				288B09A71B01A12C00066C59 /* MMOvMarker+Dao.m */,
				28252EA71B40DB2F0057C51D /* PlaceSearchResult+Dao.h */,
				28252EA81B40DB2F0057C51D /* PlaceSearchResult+Dao.m */,
				288B09AB1B0320B200066C59 /* CloudManager.h */,
				288B09AC1B0320B200066C59 /* CloudManager.m */,
				28307D501B1D7E060050AA58 /* MMMarkerIconInfo.h */,
				28307D511B1D7E060050AA58 /* MMMarkerIconInfo.m */,
				28C442E51B2A85D300DDC54C /* MMSearchedRoutine.h */,
				28C442E61B2A85D300DDC54C /* MMSearchedRoutine.m */,
				28C442E21B2A859200DDC54C /* MMSearchedOvMarker.h */,
				28C442E31B2A859200DDC54C /* MMSearchedOvMarker.m */,
				28C442E81B2A884600DDC54C /* MMSearchdeMarker.h */,
				28C442E91B2A884600DDC54C /* MMSearchdeMarker.m */,
				28F56CB51B5CFB9F00CFC4AC /* GooglePlaceManager.h */,
				28F56CB61B5CFB9F00CFC4AC /* GooglePlaceManager.m */,
				28B4C1F31B5E54B400C1C9BF /* GooglePredictionResult.h */,
				28B4C1F41B5E54B400C1C9BF /* GooglePredictionResult.m */,
				28A1E92C1B5E5F9200DD0339 /* GooglePlaceDetail.h */,
				28A1E92D1B5E5F9200DD0339 /* GooglePlaceDetail.m */,
			);
			name = Model;
			sourceTree = "<group>";
		};
/* End PBXGroup section */

/* Begin PBXNativeTarget section */
		285E43181AD61E720030A274 /* MyMapBox */ = {
			isa = PBXNativeTarget;
			buildConfigurationList = 285E433C1AD61E720030A274 /* Build configuration list for PBXNativeTarget "MyMapBox" */;
			buildPhases = (
				9D80BA7DBC471FB4AC2859A0 /* Check Pods Manifest.lock */,
				285E43151AD61E720030A274 /* Sources */,
				285E43161AD61E720030A274 /* Frameworks */,
				285E43171AD61E720030A274 /* Resources */,
				DC3B7D64123AC10ADC568A63 /* Copy Pods Resources */,
			);
			buildRules = (
			);
			dependencies = (
			);
			name = MyMapBox;
			productName = MyMapBox;
			productReference = 285E43191AD61E720030A274 /* MyMapBox.app */;
			productType = "com.apple.product-type.application";
		};
		285E43311AD61E720030A274 /* MyMapBoxTests */ = {
			isa = PBXNativeTarget;
			buildConfigurationList = 285E433F1AD61E720030A274 /* Build configuration list for PBXNativeTarget "MyMapBoxTests" */;
			buildPhases = (
				8337F57A5E40CD539E018A7F /* Check Pods Manifest.lock */,
				285E432E1AD61E720030A274 /* Sources */,
				285E432F1AD61E720030A274 /* Frameworks */,
				285E43301AD61E720030A274 /* Resources */,
				E4547F7647D7AA75B197D55E /* Copy Pods Resources */,
			);
			buildRules = (
			);
			dependencies = (
				285E43341AD61E720030A274 /* PBXTargetDependency */,
			);
			name = MyMapBoxTests;
			productName = MyMapBoxTests;
			productReference = 285E43321AD61E720030A274 /* MyMapBoxTests.xctest */;
			productType = "com.apple.product-type.bundle.unit-test";
		};
/* End PBXNativeTarget section */

/* Begin PBXProject section */
		285E43111AD61E720030A274 /* Project object */ = {
			isa = PBXProject;
			attributes = {
				LastUpgradeCheck = 0620;
				ORGANIZATIONNAME = yufu;
				TargetAttributes = {
					285E43181AD61E720030A274 = {
						CreatedOnToolsVersion = 6.2;
					};
					285E43311AD61E720030A274 = {
						CreatedOnToolsVersion = 6.2;
						TestTargetID = 285E43181AD61E720030A274;
					};
				};
			};
			buildConfigurationList = 285E43141AD61E720030A274 /* Build configuration list for PBXProject "MyMapBox" */;
			compatibilityVersion = "Xcode 3.2";
			developmentRegion = English;
			hasScannedForEncodings = 0;
			knownRegions = (
				en,
				Base,
			);
			mainGroup = 285E43101AD61E720030A274;
			productRefGroup = 285E431A1AD61E720030A274 /* Products */;
			projectDirPath = "";
			projectRoot = "";
			targets = (
				285E43181AD61E720030A274 /* MyMapBox */,
				285E43311AD61E720030A274 /* MyMapBoxTests */,
			);
		};
/* End PBXProject section */

/* Begin PBXResourcesBuildPhase section */
		285E43171AD61E720030A274 /* Resources */ = {
			isa = PBXResourcesBuildPhase;
			buildActionMask = 2147483647;
			files = (
				2894ABAA1AEE27D500A943D1 /* Main.storyboard in Resources */,
				285E432D1AD61E720030A274 /* LaunchScreen.xib in Resources */,
				285E432A1AD61E720030A274 /* Images.xcassets in Resources */,
			);
			runOnlyForDeploymentPostprocessing = 0;
		};
		285E43301AD61E720030A274 /* Resources */ = {
			isa = PBXResourcesBuildPhase;
			buildActionMask = 2147483647;
			files = (
			);
			runOnlyForDeploymentPostprocessing = 0;
		};
/* End PBXResourcesBuildPhase section */

/* Begin PBXShellScriptBuildPhase section */
		8337F57A5E40CD539E018A7F /* Check Pods Manifest.lock */ = {
			isa = PBXShellScriptBuildPhase;
			buildActionMask = 2147483647;
			files = (
			);
			inputPaths = (
			);
			name = "Check Pods Manifest.lock";
			outputPaths = (
			);
			runOnlyForDeploymentPostprocessing = 0;
			shellPath = /bin/sh;
			shellScript = "diff \"${PODS_ROOT}/../Podfile.lock\" \"${PODS_ROOT}/Manifest.lock\" > /dev/null\nif [[ $? != 0 ]] ; then\n    cat << EOM\nerror: The sandbox is not in sync with the Podfile.lock. Run 'pod install' or update your CocoaPods installation.\nEOM\n    exit 1\nfi\n";
			showEnvVarsInLog = 0;
		};
		9D80BA7DBC471FB4AC2859A0 /* Check Pods Manifest.lock */ = {
			isa = PBXShellScriptBuildPhase;
			buildActionMask = 2147483647;
			files = (
			);
			inputPaths = (
			);
			name = "Check Pods Manifest.lock";
			outputPaths = (
			);
			runOnlyForDeploymentPostprocessing = 0;
			shellPath = /bin/sh;
			shellScript = "diff \"${PODS_ROOT}/../Podfile.lock\" \"${PODS_ROOT}/Manifest.lock\" > /dev/null\nif [[ $? != 0 ]] ; then\n    cat << EOM\nerror: The sandbox is not in sync with the Podfile.lock. Run 'pod install' or update your CocoaPods installation.\nEOM\n    exit 1\nfi\n";
			showEnvVarsInLog = 0;
		};
		DC3B7D64123AC10ADC568A63 /* Copy Pods Resources */ = {
			isa = PBXShellScriptBuildPhase;
			buildActionMask = 2147483647;
			files = (
			);
			inputPaths = (
			);
			name = "Copy Pods Resources";
			outputPaths = (
			);
			runOnlyForDeploymentPostprocessing = 0;
			shellPath = /bin/sh;
			shellScript = "\"${SRCROOT}/Pods/Target Support Files/Pods-MyMapBox/Pods-MyMapBox-resources.sh\"\n";
			showEnvVarsInLog = 0;
		};
		E4547F7647D7AA75B197D55E /* Copy Pods Resources */ = {
			isa = PBXShellScriptBuildPhase;
			buildActionMask = 2147483647;
			files = (
			);
			inputPaths = (
			);
			name = "Copy Pods Resources";
			outputPaths = (
			);
			runOnlyForDeploymentPostprocessing = 0;
			shellPath = /bin/sh;
			shellScript = "\"${SRCROOT}/Pods/Target Support Files/Pods-MyMapBoxTests/Pods-MyMapBoxTests-resources.sh\"\n";
			showEnvVarsInLog = 0;
		};
/* End PBXShellScriptBuildPhase section */

/* Begin PBXSourcesBuildPhase section */
		285E43151AD61E720030A274 /* Sources */ = {
			isa = PBXSourcesBuildPhase;
			buildActionMask = 2147483647;
			files = (
				28E261D61B007E920019611C /* MMRoutine+Dao.m in Sources */,
				283A21CD1B2E715000F6DCA1 /* SearchMarkerInfoTVC.m in Sources */,
				287D6D611B65D175009CFB56 /* BaseOvIconSelectTVC.m in Sources */,
				286390841AE0D44D00A5B999 /* IconSelectTVC.m in Sources */,
				28E261F41B0095CE0019611C /* MMRoutine.m in Sources */,
				28307D551B1D881F0050AA58 /* IconSelectTableViewCell.m in Sources */,
				845EB1F51AEE7B2500C719CA /* MMRoutineCachHelper.m in Sources */,
				283A21D31B2ED1E100F6DCA1 /* BaseTourMapVC.m in Sources */,
				28E4755A1AEF88C500449DBC /* SlideNumSelectTVC.m in Sources */,
				283A21F81B3A482400F6DCA1 /* SettingTVC.m in Sources */,
				283A21C61B2E6CF200F6DCA1 /* SearchRoutineInfoTVC.m in Sources */,
				28E475571AEF2AAB00449DBC /* OfflineRoutineTableViewCell.m in Sources */,
				2863908D1AE0EA3E00A5B999 /* MarkerEditTVC.m in Sources */,
				285E43251AD61E720030A274 /* ViewController.m in Sources */,
				288B09B41B0328D700066C59 /* LoginViewController.m in Sources */,
				287D6D671B678D25009CFB56 /* RegisterVC.m in Sources */,
				286390871AE0DE5200A5B999 /* RoutineAddTVC.m in Sources */,
				28C442E41B2A859200DDC54C /* MMSearchedOvMarker.m in Sources */,
				288B09A81B01A12D00066C59 /* MMOvMarker+Dao.m in Sources */,
				287D6D641B65D395009CFB56 /* AddRoutineOvIconSelectTVC.m in Sources */,
				28E261FA1B0095CE0019611C /* MMMarker.m in Sources */,
				286390811AE0AD7600A5B999 /* RoutineEditTVC.m in Sources */,
				8421CB181ADC04D0002046B9 /* RoutineDetailMapViewController.m in Sources */,
				283A21FE1B3B9F0E00F6DCA1 /* LikedRoutinesTVC.m in Sources */,
				28A1E92E1B5E5F9200DD0339 /* GooglePlaceDetail.m in Sources */,
				84F46A801B0396E0008B7F13 /* SettingViewController.m in Sources */,
				287D6D9C1B7B4E0A009CFB56 /* MarkerInfoView.m in Sources */,
				28E261CA1B00535A0019611C /* MyMapBox.xcdatamodeld in Sources */,
				283A21E91B316E9300F6DCA1 /* BaseMarkerInfoVC.m in Sources */,
				28252EA91B40DB2F0057C51D /* PlaceSearchResult+Dao.m in Sources */,
				283A21D01B2E742C00F6DCA1 /* PinMarkerTVC.m in Sources */,
				28C442EA1B2A884600DDC54C /* MMSearchdeMarker.m in Sources */,
				283A21CA1B2E70FC00F6DCA1 /* SearchRoutineDetailMapVC.m in Sources */,
				28F56CB71B5CFB9F00CFC4AC /* GooglePlaceManager.m in Sources */,
				2863908A1AE0E9F100A5B999 /* MarkerInfoTVC.m in Sources */,
				28E475541AEF28C600449DBC /* OfflineRoutineTVC.m in Sources */,
				28B4C1F51B5E54B400C1C9BF /* GooglePredictionResult.m in Sources */,
				847F845A1B6518D10052521D /* OvIconSelectTVC.m in Sources */,
				28C442E71B2A85D300DDC54C /* MMSearchedRoutine.m in Sources */,
				285E43221AD61E720030A274 /* AppDelegate.m in Sources */,
				283A21EC1B328DD900F6DCA1 /* OtherUserWorldVC.m in Sources */,
				283A21F21B32CA4D00F6DCA1 /* OptionCell.m in Sources */,
				28E261F71B0095CE0019611C /* MMOvMarker.m in Sources */,
				285E431F1AD61E720030A274 /* main.m in Sources */,
				28252EAF1B40E5000057C51D /* ApplePlaceSearchTVC.m in Sources */,
				288B09A51B00BC1500066C59 /* MMMarker+Dao.m in Sources */,
				28307D521B1D7E060050AA58 /* MMMarkerIconInfo.m in Sources */,
				28F56C821B450B6B00CFC4AC /* PlaceSearchResult.m in Sources */,
				2863907B1ADD136000A5B999 /* CommonUtil.m in Sources */,
				288B09AD1B0320B200066C59 /* CloudManager.m in Sources */,
				283A21EF1B328E2400F6DCA1 /* OtherUserRoutineInfoTVC.m in Sources */,
				283A21FB1B3A49D100F6DCA1 /* LikedWorldTVC.m in Sources */,
				8421CB151ADBF8FA002046B9 /* RoutineInfoViewController.m in Sources */,
				283A21E61B313B3A00F6DCA1 /* BaseDetailMapVC.m in Sources */,
				28C442ED1B2AE70800DDC54C /* ExploreRoutineVC.m in Sources */,
			);
			runOnlyForDeploymentPostprocessing = 0;
		};
		285E432E1AD61E720030A274 /* Sources */ = {
			isa = PBXSourcesBuildPhase;
			buildActionMask = 2147483647;
			files = (
				285E43391AD61E720030A274 /* MyMapBoxTests.m in Sources */,
				288B09B11B03222A00066C59 /* AVOSCloudTester.m in Sources */,
				287F47D71AE4D7AE00CAF79B /* MMRoutineTester.m in Sources */,
			);
			runOnlyForDeploymentPostprocessing = 0;
		};
/* End PBXSourcesBuildPhase section */

/* Begin PBXTargetDependency section */
		285E43341AD61E720030A274 /* PBXTargetDependency */ = {
			isa = PBXTargetDependency;
			target = 285E43181AD61E720030A274 /* MyMapBox */;
			targetProxy = 285E43331AD61E720030A274 /* PBXContainerItemProxy */;
		};
/* End PBXTargetDependency section */

/* Begin PBXVariantGroup section */
		285E432B1AD61E720030A274 /* LaunchScreen.xib */ = {
			isa = PBXVariantGroup;
			children = (
				285E432C1AD61E720030A274 /* Base */,
			);
			name = LaunchScreen.xib;
			sourceTree = "<group>";
		};
/* End PBXVariantGroup section */

/* Begin XCBuildConfiguration section */
		285E433A1AD61E720030A274 /* Debug */ = {
			isa = XCBuildConfiguration;
			buildSettings = {
				ALWAYS_SEARCH_USER_PATHS = NO;
				CLANG_CXX_LANGUAGE_STANDARD = "gnu++0x";
				CLANG_CXX_LIBRARY = "libc++";
				CLANG_ENABLE_MODULES = YES;
				CLANG_ENABLE_OBJC_ARC = YES;
				CLANG_WARN_BOOL_CONVERSION = YES;
				CLANG_WARN_CONSTANT_CONVERSION = YES;
				CLANG_WARN_DIRECT_OBJC_ISA_USAGE = YES_ERROR;
				CLANG_WARN_EMPTY_BODY = YES;
				CLANG_WARN_ENUM_CONVERSION = YES;
				CLANG_WARN_INT_CONVERSION = YES;
				CLANG_WARN_OBJC_ROOT_CLASS = YES_ERROR;
				CLANG_WARN_UNREACHABLE_CODE = YES;
				CLANG_WARN__DUPLICATE_METHOD_MATCH = YES;
				"CODE_SIGN_IDENTITY[sdk=iphoneos*]" = "iPhone Developer";
				COPY_PHASE_STRIP = NO;
				ENABLE_STRICT_OBJC_MSGSEND = YES;
				GCC_C_LANGUAGE_STANDARD = gnu99;
				GCC_DYNAMIC_NO_PIC = NO;
				GCC_OPTIMIZATION_LEVEL = 0;
				GCC_PREPROCESSOR_DEFINITIONS = (
					"DEBUG=1",
					"$(inherited)",
				);
				GCC_SYMBOLS_PRIVATE_EXTERN = NO;
				GCC_WARN_64_TO_32_BIT_CONVERSION = YES;
				GCC_WARN_ABOUT_RETURN_TYPE = YES_ERROR;
				GCC_WARN_UNDECLARED_SELECTOR = YES;
				GCC_WARN_UNINITIALIZED_AUTOS = YES_AGGRESSIVE;
				GCC_WARN_UNUSED_FUNCTION = YES;
				GCC_WARN_UNUSED_VARIABLE = YES;
				IPHONEOS_DEPLOYMENT_TARGET = 7.0;
				MTL_ENABLE_DEBUG_INFO = YES;
				ONLY_ACTIVE_ARCH = YES;
				PROVISIONING_PROFILE = "609b4d85-dd5f-424a-b1a0-3da778edf7dd";
				SDKROOT = iphoneos;
			};
			name = Debug;
		};
		285E433B1AD61E720030A274 /* Release */ = {
			isa = XCBuildConfiguration;
			buildSettings = {
				ALWAYS_SEARCH_USER_PATHS = NO;
				CLANG_CXX_LANGUAGE_STANDARD = "gnu++0x";
				CLANG_CXX_LIBRARY = "libc++";
				CLANG_ENABLE_MODULES = YES;
				CLANG_ENABLE_OBJC_ARC = YES;
				CLANG_WARN_BOOL_CONVERSION = YES;
				CLANG_WARN_CONSTANT_CONVERSION = YES;
				CLANG_WARN_DIRECT_OBJC_ISA_USAGE = YES_ERROR;
				CLANG_WARN_EMPTY_BODY = YES;
				CLANG_WARN_ENUM_CONVERSION = YES;
				CLANG_WARN_INT_CONVERSION = YES;
				CLANG_WARN_OBJC_ROOT_CLASS = YES_ERROR;
				CLANG_WARN_UNREACHABLE_CODE = YES;
				CLANG_WARN__DUPLICATE_METHOD_MATCH = YES;
				"CODE_SIGN_IDENTITY[sdk=iphoneos*]" = "iPhone Developer";
				COPY_PHASE_STRIP = NO;
				ENABLE_NS_ASSERTIONS = NO;
				ENABLE_STRICT_OBJC_MSGSEND = YES;
				GCC_C_LANGUAGE_STANDARD = gnu99;
				GCC_WARN_64_TO_32_BIT_CONVERSION = YES;
				GCC_WARN_ABOUT_RETURN_TYPE = YES_ERROR;
				GCC_WARN_UNDECLARED_SELECTOR = YES;
				GCC_WARN_UNINITIALIZED_AUTOS = YES_AGGRESSIVE;
				GCC_WARN_UNUSED_FUNCTION = YES;
				GCC_WARN_UNUSED_VARIABLE = YES;
				IPHONEOS_DEPLOYMENT_TARGET = 7.0;
				MTL_ENABLE_DEBUG_INFO = NO;
				PROVISIONING_PROFILE = "609b4d85-dd5f-424a-b1a0-3da778edf7dd";
				SDKROOT = iphoneos;
				VALIDATE_PRODUCT = YES;
			};
			name = Release;
		};
		285E433D1AD61E720030A274 /* Debug */ = {
			isa = XCBuildConfiguration;
			baseConfigurationReference = E01CF57D6469FFF3BFBA2341 /* Pods-MyMapBox.debug.xcconfig */;
			buildSettings = {
				ASSETCATALOG_COMPILER_APPICON_NAME = AppIcon;
				ASSETCATALOG_COMPILER_LAUNCHIMAGE_NAME = LaunchImage;
				INFOPLIST_FILE = MyMapBox/Info.plist;
				IPHONEOS_DEPLOYMENT_TARGET = 7.1;
				LD_RUNPATH_SEARCH_PATHS = "$(inherited) @executable_path/Frameworks";
				PRODUCT_NAME = "$(TARGET_NAME)";
				TARGETED_DEVICE_FAMILY = 1;
			};
			name = Debug;
		};
		285E433E1AD61E720030A274 /* Release */ = {
			isa = XCBuildConfiguration;
			baseConfigurationReference = EBA60881B796C5AC77DABE4A /* Pods-MyMapBox.release.xcconfig */;
			buildSettings = {
				ASSETCATALOG_COMPILER_APPICON_NAME = AppIcon;
				ASSETCATALOG_COMPILER_LAUNCHIMAGE_NAME = LaunchImage;
				INFOPLIST_FILE = MyMapBox/Info.plist;
				IPHONEOS_DEPLOYMENT_TARGET = 7.1;
				LD_RUNPATH_SEARCH_PATHS = "$(inherited) @executable_path/Frameworks";
				PRODUCT_NAME = "$(TARGET_NAME)";
				TARGETED_DEVICE_FAMILY = 1;
			};
			name = Release;
		};
		285E43401AD61E720030A274 /* Debug */ = {
			isa = XCBuildConfiguration;
			baseConfigurationReference = 75CCC0929762C871D62FA854 /* Pods-MyMapBoxTests.debug.xcconfig */;
			buildSettings = {
				BUNDLE_LOADER = "$(TEST_HOST)";
				FRAMEWORK_SEARCH_PATHS = (
					"$(SDKROOT)/Developer/Library/Frameworks",
					"$(inherited)",
				);
				GCC_PREPROCESSOR_DEFINITIONS = (
					"DEBUG=1",
					"$(inherited)",
				);
				INFOPLIST_FILE = MyMapBoxTests/Info.plist;
				LD_RUNPATH_SEARCH_PATHS = "$(inherited) @executable_path/Frameworks @loader_path/Frameworks";
				PRODUCT_NAME = "$(TARGET_NAME)";
				TEST_HOST = "$(BUILT_PRODUCTS_DIR)/MyMapBox.app/MyMapBox";
			};
			name = Debug;
		};
		285E43411AD61E720030A274 /* Release */ = {
			isa = XCBuildConfiguration;
			baseConfigurationReference = 21A0A51ABFCCA5850AF318AF /* Pods-MyMapBoxTests.release.xcconfig */;
			buildSettings = {
				BUNDLE_LOADER = "$(TEST_HOST)";
				FRAMEWORK_SEARCH_PATHS = (
					"$(SDKROOT)/Developer/Library/Frameworks",
					"$(inherited)",
				);
				INFOPLIST_FILE = MyMapBoxTests/Info.plist;
				LD_RUNPATH_SEARCH_PATHS = "$(inherited) @executable_path/Frameworks @loader_path/Frameworks";
				PRODUCT_NAME = "$(TARGET_NAME)";
				TEST_HOST = "$(BUILT_PRODUCTS_DIR)/MyMapBox.app/MyMapBox";
			};
			name = Release;
		};
/* End XCBuildConfiguration section */

/* Begin XCConfigurationList section */
		285E43141AD61E720030A274 /* Build configuration list for PBXProject "MyMapBox" */ = {
			isa = XCConfigurationList;
			buildConfigurations = (
				285E433A1AD61E720030A274 /* Debug */,
				285E433B1AD61E720030A274 /* Release */,
			);
			defaultConfigurationIsVisible = 0;
			defaultConfigurationName = Release;
		};
		285E433C1AD61E720030A274 /* Build configuration list for PBXNativeTarget "MyMapBox" */ = {
			isa = XCConfigurationList;
			buildConfigurations = (
				285E433D1AD61E720030A274 /* Debug */,
				285E433E1AD61E720030A274 /* Release */,
			);
			defaultConfigurationIsVisible = 0;
			defaultConfigurationName = Release;
		};
		285E433F1AD61E720030A274 /* Build configuration list for PBXNativeTarget "MyMapBoxTests" */ = {
			isa = XCConfigurationList;
			buildConfigurations = (
				285E43401AD61E720030A274 /* Debug */,
				285E43411AD61E720030A274 /* Release */,
			);
			defaultConfigurationIsVisible = 0;
			defaultConfigurationName = Release;
		};
/* End XCConfigurationList section */

/* Begin XCVersionGroup section */
		28E261C81B00535A0019611C /* MyMapBox.xcdatamodeld */ = {
			isa = XCVersionGroup;
			children = (
				28E261C91B00535A0019611C /* MyMapBox.xcdatamodel */,
			);
			currentVersion = 28E261C91B00535A0019611C /* MyMapBox.xcdatamodel */;
			path = MyMapBox.xcdatamodeld;
			sourceTree = "<group>";
			versionGroupType = wrapper.xcdatamodel;
		};
/* End XCVersionGroup section */
	};
	rootObject = 285E43111AD61E720030A274 /* Project object */;
}
